
Microsoft Visual Studio Solution File, Format Version 12.00
# Visual Studio Version 17
VisualStudioVersion = 17.6.33815.320
MinimumVisualStudioVersion = 10.0.40219.1
Project("{FAE04EC0-301F-11D3-BF4B-00C04F79EFBC}") = "AbstractExample", "CopyAbstractExample\AbstractExample.csproj", "{FA03D7A0-AE38-4DC8-A16A-3B58E5788E90}"
EndProject
Project("{FAE04EC0-301F-11D3-BF4B-00C04F79EFBC}") = "_04DemoOOPSingleton", "_04DemoOOPSingleton\_04DemoOOPSingleton.csproj", "{ED9DC5AC-A7C7-4705-A187-71946ABD00A6}"
EndProject
Project("{FAE04EC0-301F-11D3-BF4B-00C04F79EFBC}") = "00demoAccessModifiers", "00demoAccessModifiers\00demoAccessModifiers.csproj", "{90127950-EE9A-4472-B25F-D09AE2FC8A49}"
EndProject
Global
	GlobalSection(SolutionConfigurationPlatforms) = preSolution
		Debug|Any CPU = Debug|Any CPU
		Release|Any CPU = Release|Any CPU
	EndGlobalSection
	GlobalSection(ProjectConfigurationPlatforms) = postSolution
		{FA03D7A0-AE38-4DC8-A16A-3B58E5788E90}.Debug|Any CPU.ActiveCfg = Debug|Any CPU
		{FA03D7A0-AE38-4DC8-A16A-3B58E5788E90}.Debug|Any CPU.Build.0 = Debug|Any CPU
		{FA03D7A0-AE38-4DC8-A16A-3B58E5788E90}.Release|Any CPU.ActiveCfg = Release|Any CPU
		{FA03D7A0-AE38-4DC8-A16A-3B58E5788E90}.Release|Any CPU.Build.0 = Release|Any CPU
		{ED9DC5AC-A7C7-4705-A187-71946ABD00A6}.Debug|Any CPU.ActiveCfg = Debug|Any CPU
		{ED9DC5AC-A7C7-4705-A187-71946ABD00A6}.Debug|Any CPU.Build.0 = Debug|Any CPU
		{ED9DC5AC-A7C7-4705-A187-71946ABD00A6}.Release|Any CPU.ActiveCfg = Release|Any CPU
		{ED9DC5AC-A7C7-4705-A187-71946ABD00A6}.Release|Any CPU.Build.0 = Release|Any CPU
		{90127950-EE9A-4472-B25F-D09AE2FC8A49}.Debug|Any CPU.ActiveCfg = Debug|Any CPU
		{90127950-EE9A-4472-B25F-D09AE2FC8A49}.Debug|Any CPU.Build.0 = Debug|Any CPU
		{90127950-EE9A-4472-B25F-D09AE2FC8A49}.Release|Any CPU.ActiveCfg = Release|Any CPU
		{90127950-EE9A-4472-B25F-D09AE2FC8A49}.Release|Any CPU.Build.0 = Release|Any CPU
	EndGlobalSection
	GlobalSection(SolutionProperties) = preSolution
		HideSolutionNode = FALSE
	EndGlobalSection
	GlobalSection(ExtensibilityGlobals) = postSolution
		SolutionGuid = {167FA079-4EBB-492A-B38A-B34EA6635A93}
	EndGlobalSection
EndGlobal
