
Microsoft Visual Studio Solution File, Format Version 12.00
# Visual Studio Version 17
VisualStudioVersion = 17.6.33815.320
MinimumVisualStudioVersion = 10.0.40219.1
Project("{FAE04EC0-301F-11D3-BF4B-00C04F79EFBC}") = "Events&Delegates", "Events&Delegates\Events&Delegates.csproj", "{3A761BE7-FE46-4172-B366-B5B86E5292C7}"
EndProject
Project("{FAE04EC0-301F-11D3-BF4B-00C04F79EFBC}") = "WindowsFormsApp", "WindowsFormsApp\WindowsFormsApp.csproj", "{639FC498-0F2E-4832-986C-7CA530C10A70}"
EndProject
Global
	GlobalSection(SolutionConfigurationPlatforms) = preSolution
		Debug|Any CPU = Debug|Any CPU
		Release|Any CPU = Release|Any CPU
	EndGlobalSection
	GlobalSection(ProjectConfigurationPlatforms) = postSolution
		{3A761BE7-FE46-4172-B366-B5B86E5292C7}.Debug|Any CPU.ActiveCfg = Debug|Any CPU
		{3A761BE7-FE46-4172-B366-B5B86E5292C7}.Debug|Any CPU.Build.0 = Debug|Any CPU
		{3A761BE7-FE46-4172-B366-B5B86E5292C7}.Release|Any CPU.ActiveCfg = Release|Any CPU
		{3A761BE7-FE46-4172-B366-B5B86E5292C7}.Release|Any CPU.Build.0 = Release|Any CPU
		{639FC498-0F2E-4832-986C-7CA530C10A70}.Debug|Any CPU.ActiveCfg = Debug|Any CPU
		{639FC498-0F2E-4832-986C-7CA530C10A70}.Debug|Any CPU.Build.0 = Debug|Any CPU
		{639FC498-0F2E-4832-986C-7CA530C10A70}.Release|Any CPU.ActiveCfg = Release|Any CPU
		{639FC498-0F2E-4832-986C-7CA530C10A70}.Release|Any CPU.Build.0 = Release|Any CPU
	EndGlobalSection
	GlobalSection(SolutionProperties) = preSolution
		HideSolutionNode = FALSE
	EndGlobalSection
	GlobalSection(ExtensibilityGlobals) = postSolution
		SolutionGuid = {CE1D91A0-9BDF-4668-9176-0F708B182C3E}
	EndGlobalSection
EndGlobal
